{
  "projects": [
    {
      "projectId": "wHnxGZq3AxDaQg54kdUukD",
      "version": "latest",
      "dependencies": {},
      "lang": "ts",
      "fileLocks": [
        {
          "type": "globalVariant",
          "assetId": "zgJSknZDL8BR",
          "checksum": "5ac159d1cdeb2c9d5a5a52515191a090"
        },
        {
          "assetId": "wHnxGZq3AxDaQg54kdUukD",
          "type": "projectCss",
          "checksum": "e1b44df0ac90e2717332ff2bf80daf6f"
        },
        {
          "type": "renderModule",
          "assetId": "rpI821m3MsAj1",
          "checksum": "bff36ca0f0c7646b253e427b826cd909"
        },
        {
          "type": "cssRules",
          "assetId": "rpI821m3MsAj1",
          "checksum": "bff36ca0f0c7646b253e427b826cd909"
        },
        {
          "type": "renderModule",
          "assetId": "B4BDbIyVZXpcb",
          "checksum": "656059f101a40b75a2fd0eb727e78192"
        },
        {
          "type": "cssRules",
          "assetId": "B4BDbIyVZXpcb",
          "checksum": "656059f101a40b75a2fd0eb727e78192"
        },
        {
          "type": "renderModule",
          "assetId": "WE1U4WFutbLmC",
          "checksum": "2f9cbd9f0c069aa4c39e7fa54338cf54"
        },
        {
          "type": "cssRules",
          "assetId": "WE1U4WFutbLmC",
          "checksum": "2f9cbd9f0c069aa4c39e7fa54338cf54"
        },
        {
          "type": "renderModule",
          "assetId": "49qJNWQs-AeXx",
          "checksum": "4895594c678712c44d308cdc0c5a9cc4"
        },
        {
          "type": "cssRules",
          "assetId": "49qJNWQs-AeXx",
          "checksum": "4895594c678712c44d308cdc0c5a9cc4"
        },
        {
          "type": "renderModule",
          "assetId": "mRTzxsliFRRLQ5",
          "checksum": "8962abe11581eeb8a3096628281cf0d2"
        },
        {
          "type": "cssRules",
          "assetId": "mRTzxsliFRRLQ5",
          "checksum": "8962abe11581eeb8a3096628281cf0d2"
        },
        {
          "type": "renderModule",
          "assetId": "hN3L-jLpsGOU7M",
          "checksum": "665fe393012e2250cae25a14f5c52f7c"
        },
        {
          "type": "cssRules",
          "assetId": "hN3L-jLpsGOU7M",
          "checksum": "665fe393012e2250cae25a14f5c52f7c"
        },
        {
          "type": "renderModule",
          "assetId": "W3Z9a5iZr3DlEJ",
          "checksum": "d9bc8ae80626f0da4b108e76ef1c9120"
        },
        {
          "type": "cssRules",
          "assetId": "W3Z9a5iZr3DlEJ",
          "checksum": "d9bc8ae80626f0da4b108e76ef1c9120"
        },
        {
          "type": "renderModule",
          "assetId": "PGI6twxcx7nQqg",
          "checksum": "d086b9ed9620b482f15c9fc5906be45f"
        },
        {
          "type": "cssRules",
          "assetId": "PGI6twxcx7nQqg",
          "checksum": "d086b9ed9620b482f15c9fc5906be45f"
        },
        {
          "type": "renderModule",
          "assetId": "freWSgUoHoGKJG",
          "checksum": "92887771924167af63d396ffed7401f1"
        },
        {
          "type": "cssRules",
          "assetId": "freWSgUoHoGKJG",
          "checksum": "92887771924167af63d396ffed7401f1"
        },
        {
          "type": "icon",
          "assetId": "fH5lc_aKRBpRN",
          "checksum": "61489985e367468f7149df3583909baf"
        },
        {
          "type": "icon",
          "assetId": "YzvR7zvuPU7JF",
          "checksum": "129a316a34a596bc20ab444a1f2c4fd8"
        },
        {
          "type": "icon",
          "assetId": "EoOs3_CXbs9KB",
          "checksum": "5c1a7bb0d2d7b37a6c9543f1c9fcdd59"
        },
        {
          "type": "icon",
          "assetId": "asBC5sU8Mng3f",
          "checksum": "851ad9570ef7833a353338ae4d67bd10"
        },
        {
          "type": "icon",
          "assetId": "u0oPehphmim4o",
          "checksum": "6a9f973fa7e4fd1ba940973429ae1b8b"
        },
        {
          "type": "icon",
          "assetId": "IN6kBHR7I9QS6",
          "checksum": "bb7cd8e3f05fd963a0beb111f894cb75"
        },
        {
          "type": "icon",
          "assetId": "UY96_VTML4xU0",
          "checksum": "6955f11e121bf4fb45540265d4b0998d"
        },
        {
          "type": "icon",
          "assetId": "9mNy48Qmib5br",
          "checksum": "9555e9b2aaad2a43936ced4057451891"
        },
        {
          "type": "icon",
          "assetId": "FBSLgmHoXVBwi",
          "checksum": "454d777c3ffd30262517ec9c185f3908"
        },
        {
          "type": "icon",
          "assetId": "6082mIjEhNj4m",
          "checksum": "612cae5e1f3e860ce577d9571e741fda"
        },
        {
          "type": "icon",
          "assetId": "prTIl9LpI1Jje",
          "checksum": "23345207954506489a86d89ed6998666"
        },
        {
          "type": "icon",
          "assetId": "hepz7nuAjrtAr",
          "checksum": "37aa8bffc81a55487acd01c048f04af4"
        },
        {
          "type": "icon",
          "assetId": "9W7KDF1xM6euk",
          "checksum": "635424a739566dd99386277e4e6effb5"
        },
        {
          "type": "icon",
          "assetId": "TJdAji0T6FGwK",
          "checksum": "1c5934b76b0f455eb8c685d3c866da27"
        },
        {
          "type": "icon",
          "assetId": "2U4V1BJvn-7pC",
          "checksum": "0de4aa2c225fac26c4d0eda2e43d3f5b"
        },
        {
          "type": "icon",
          "assetId": "2KZy5p58sN4VS",
          "checksum": "0adf63eb23375ad6162badb59ed77265"
        },
        {
          "type": "icon",
          "assetId": "nEpXOuSsyXbMg",
          "checksum": "5ed30236334766dcd014bef4a5268a45"
        },
        {
          "type": "icon",
          "assetId": "jh-mMX7xqoXIn",
          "checksum": "d8bc08ddb687a9bba3cbb03e4f01021c"
        },
        {
          "type": "icon",
          "assetId": "MnI3LQ9-5f4Rf",
          "checksum": "858854402518e20ddc40c8c5ccb9d14d"
        },
        {
          "type": "icon",
          "assetId": "k89ae_YbEd2yV",
          "checksum": "68ead4265cc33bdb98bae8af971239d4"
        },
        {
          "type": "icon",
          "assetId": "Mpywq9tKIjNfX",
          "checksum": "30ee630188c370f4e905b7c709aa51ea"
        },
        {
          "type": "icon",
          "assetId": "QEOW986DjFgXg",
          "checksum": "87ed0bf478805b81f528aed7a2bf4687"
        },
        {
          "type": "icon",
          "assetId": "bUXvH1bjcXQew",
          "checksum": "50ecb5a8c98682b71dc46dfd6fd568c3"
        },
        {
          "type": "icon",
          "assetId": "ilsYQzm4cx-8W",
          "checksum": "7a0adec16be2047cb31860d36f4a8452"
        },
        {
          "type": "icon",
          "assetId": "nGrmPL7Nws2cv",
          "checksum": "53474f7d768eb466a798be2b2988df33"
        },
        {
          "type": "icon",
          "assetId": "RZx8WJrdzCi3S",
          "checksum": "2d655b684c9fce6bd44304c2d323d488"
        },
        {
          "type": "icon",
          "assetId": "ydMQZKIow9I6g",
          "checksum": "bfde1ecd53f017c28381b14c2f533e43"
        },
        {
          "type": "icon",
          "assetId": "4M3aQD2Txa77c",
          "checksum": "8803b37933b51f8f14fb467290dcd420"
        },
        {
          "type": "icon",
          "assetId": "WKY_w3E0kBV_5",
          "checksum": "6a190c5a8045c7eafd437a3c4e7c2a0d"
        },
        {
          "type": "icon",
          "assetId": "HkSJYDynuDgNn",
          "checksum": "1f3a2b742eba3f356dfa69011f312564"
        },
        {
          "type": "icon",
          "assetId": "0NdhtfJyWFdhx",
          "checksum": "027154f894f98f992871e5db94be7962"
        },
        {
          "type": "icon",
          "assetId": "ZsFpIIcIwpla9",
          "checksum": "1d5d24d46299c5f85a76b67fca633907"
        },
        {
          "type": "icon",
          "assetId": "QihjCcRSSLxSm",
          "checksum": "9ef4aea157ec545ff7936072ec6b1cce"
        },
        {
          "type": "icon",
          "assetId": "qVViCxvCr_P44",
          "checksum": "eb5ad5b7c0412af00e1acb2f6ac4b498"
        },
        {
          "type": "image",
          "assetId": "9M1-Ih7CQa-Qb",
          "checksum": "2a9d9c372691610ab972dea39a16e607"
        },
        {
          "type": "image",
          "assetId": "bR1b51TIzZq-n",
          "checksum": "fd8e92682791db66e61696dd61a236aa"
        },
        {
          "type": "image",
          "assetId": "aiKIHulOFhS-d",
          "checksum": "dade0c0efca68f1f17cbffa5103fa2d8"
        },
        {
          "type": "image",
          "assetId": "yxP3-3zaHGBBI",
          "checksum": "499fb352ef06fe5afe827575916447c1"
        },
        {
          "type": "image",
          "assetId": "6kFSyZvVXqm0j",
          "checksum": "258467918b8a6c60152f5afbda0ecbe7"
        },
        {
          "type": "image",
          "assetId": "kUEwXwSm6C0FY",
          "checksum": "70b6b9ff4aad7deac56dc2b53b5ce32a"
        },
        {
          "type": "image",
          "assetId": "oHlAXfNx24GWg",
          "checksum": "7d1b907da7afe8191c51ad09a4f936ed"
        },
        {
          "type": "image",
          "assetId": "KDSANM7VLXrDw",
          "checksum": "2458664aea3d90e99de372fde9cb17e9"
        },
        {
          "type": "image",
          "assetId": "x5VtLsS5lQNIx",
          "checksum": "809fc8033c57092b28d4341f5ee2eea7"
        },
        {
          "type": "image",
          "assetId": "wV8EcAP632AjJ",
          "checksum": "f65c6093ebb0ea932926fca2e9f58957"
        },
        {
          "type": "image",
          "assetId": "pIkUFCmwpKocE",
          "checksum": "cb60d362d8c9fcf44ad6fee7d16f3278"
        }
      ]
    }
  ],
  "cliVersion": "0.1.157"
}
